
Microsoft Visual Studio Solution File, Format Version 12.00
# Visual Studio Version 16
VisualStudioVersion = 16.0.30804.86
MinimumVisualStudioVersion = 10.0.40219.1
Project("{9A19103F-16F7-4668-BE54-9A1E7A4F7556}") = "MyMVC_App_With_DotNetCore", "MyMVC_App_With_DotNetCore\MyMVC_App_With_DotNetCore.csproj", "{AB55C4C7-D4D1-4073-9FE5-D9FB45FCFA8A}"
EndProject
Project("{9A19103F-16F7-4668-BE54-9A1E7A4F7556}") = "MyTest_With_Gherkin_Specflow_MSTest", "MyTest_With_Gherkin_Specflow_MSTest\MyTest_With_Gherkin_Specflow_MSTest.csproj", "{40AD10FA-69E0-4EC1-81B1-3F0CEC1A6B66}"
EndProject
Project("{FAE04EC0-301F-11D3-BF4B-00C04F79EFBC}") = "MyWcfServiceLibrary", "MyWcfServiceLibrary\MyWcfServiceLibrary.csproj", "{5A93F528-DE6C-4708-87AD-A73B8A3B8066}"
EndProject
Project("{FAE04EC0-301F-11D3-BF4B-00C04F79EFBC}") = "MyWebApplicationForAsmxWebService", "MyWebApplicationForAsmxWebService\MyWebApplicationForAsmxWebService.csproj", "{6164D79D-6931-42D0-BEA0-A51F1204792D}"
EndProject
Project("{E24C65DC-7377-472B-9ABA-BC803B73C61A}") = "MyWCFService", "MyWCFService\", "{E5BA9E7C-5635-49F8-B706-D643A2AF02FD}"
	ProjectSection(WebsiteProperties) = preProject
		TargetFrameworkMoniker = ".NETFramework,Version%3Dv4.7.2"
		ProjectReferences = "{5a93f528-de6c-4708-87ad-a73b8a3b8066}|MyWcfServiceLibrary.dll;"
		Debug.AspNetCompiler.VirtualPath = "/localhost_51120"
		Debug.AspNetCompiler.PhysicalPath = "MyWCFService\"
		Debug.AspNetCompiler.TargetPath = "PrecompiledWeb\localhost_51120\"
		Debug.AspNetCompiler.Updateable = "true"
		Debug.AspNetCompiler.ForceOverwrite = "true"
		Debug.AspNetCompiler.FixedNames = "false"
		Debug.AspNetCompiler.Debug = "True"
		Release.AspNetCompiler.VirtualPath = "/localhost_51120"
		Release.AspNetCompiler.PhysicalPath = "MyWCFService\"
		Release.AspNetCompiler.TargetPath = "PrecompiledWeb\localhost_51120\"
		Release.AspNetCompiler.Updateable = "true"
		Release.AspNetCompiler.ForceOverwrite = "true"
		Release.AspNetCompiler.FixedNames = "false"
		Release.AspNetCompiler.Debug = "False"
		VWDPort = "51120"
		SlnRelativePath = "MyWCFService\"
	EndProjectSection
EndProject
Project("{FAE04EC0-301F-11D3-BF4B-00C04F79EFBC}") = "MyMVC_App_With_DotNet", "MyMVC_App_With_DotNet\MyMVC_App_With_DotNet.csproj", "{3F5497E6-249E-4D6C-AC77-83C2BEECA672}"
	ProjectSection(ProjectDependencies) = postProject
		{E5BA9E7C-5635-49F8-B706-D643A2AF02FD} = {E5BA9E7C-5635-49F8-B706-D643A2AF02FD}
		{6164D79D-6931-42D0-BEA0-A51F1204792D} = {6164D79D-6931-42D0-BEA0-A51F1204792D}
	EndProjectSection
EndProject
Project("{2150E333-8FDC-42A3-9474-1A3956D46DE8}") = "MVC Applications", "MVC Applications", "{4EF53425-C122-4D96-9C2A-B9402A67C651}"
EndProject
Project("{2150E333-8FDC-42A3-9474-1A3956D46DE8}") = "Tests", "Tests", "{79554B53-A3E5-4224-856D-7049E5DCE414}"
EndProject
Project("{2150E333-8FDC-42A3-9474-1A3956D46DE8}") = "WCF Services", "WCF Services", "{4BF83AB3-543F-4D56-A623-4DA1F9AA6770}"
EndProject
Project("{FAE04EC0-301F-11D3-BF4B-00C04F79EFBC}") = "MyWcfServiceApplication", "MyWcfServiceApplication\MyWcfServiceApplication.csproj", "{277D6799-7BB9-46A5-BD05-C4C6942E1909}"
EndProject
Project("{2150E333-8FDC-42A3-9474-1A3956D46DE8}") = "Web Service", "Web Service", "{8E862D65-B783-4F39-AF02-A7AF87E3A88A}"
	ProjectSection(SolutionItems) = preProject
		MyWebApplicationForAsmxWebService\HowToDocument.md = MyWebApplicationForAsmxWebService\HowToDocument.md
	EndProjectSection
EndProject
Global
	GlobalSection(SolutionConfigurationPlatforms) = preSolution
		Debug|Any CPU = Debug|Any CPU
		Release|Any CPU = Release|Any CPU
	EndGlobalSection
	GlobalSection(ProjectConfigurationPlatforms) = postSolution
		{AB55C4C7-D4D1-4073-9FE5-D9FB45FCFA8A}.Debug|Any CPU.ActiveCfg = Debug|Any CPU
		{AB55C4C7-D4D1-4073-9FE5-D9FB45FCFA8A}.Debug|Any CPU.Build.0 = Debug|Any CPU
		{AB55C4C7-D4D1-4073-9FE5-D9FB45FCFA8A}.Release|Any CPU.ActiveCfg = Release|Any CPU
		{AB55C4C7-D4D1-4073-9FE5-D9FB45FCFA8A}.Release|Any CPU.Build.0 = Release|Any CPU
		{40AD10FA-69E0-4EC1-81B1-3F0CEC1A6B66}.Debug|Any CPU.ActiveCfg = Debug|Any CPU
		{40AD10FA-69E0-4EC1-81B1-3F0CEC1A6B66}.Debug|Any CPU.Build.0 = Debug|Any CPU
		{40AD10FA-69E0-4EC1-81B1-3F0CEC1A6B66}.Release|Any CPU.ActiveCfg = Release|Any CPU
		{40AD10FA-69E0-4EC1-81B1-3F0CEC1A6B66}.Release|Any CPU.Build.0 = Release|Any CPU
		{5A93F528-DE6C-4708-87AD-A73B8A3B8066}.Debug|Any CPU.ActiveCfg = Debug|Any CPU
		{5A93F528-DE6C-4708-87AD-A73B8A3B8066}.Debug|Any CPU.Build.0 = Debug|Any CPU
		{5A93F528-DE6C-4708-87AD-A73B8A3B8066}.Release|Any CPU.ActiveCfg = Release|Any CPU
		{5A93F528-DE6C-4708-87AD-A73B8A3B8066}.Release|Any CPU.Build.0 = Release|Any CPU
		{6164D79D-6931-42D0-BEA0-A51F1204792D}.Debug|Any CPU.ActiveCfg = Debug|Any CPU
		{6164D79D-6931-42D0-BEA0-A51F1204792D}.Debug|Any CPU.Build.0 = Debug|Any CPU
		{6164D79D-6931-42D0-BEA0-A51F1204792D}.Release|Any CPU.ActiveCfg = Release|Any CPU
		{6164D79D-6931-42D0-BEA0-A51F1204792D}.Release|Any CPU.Build.0 = Release|Any CPU
		{E5BA9E7C-5635-49F8-B706-D643A2AF02FD}.Debug|Any CPU.ActiveCfg = Debug|Any CPU
		{E5BA9E7C-5635-49F8-B706-D643A2AF02FD}.Debug|Any CPU.Build.0 = Debug|Any CPU
		{E5BA9E7C-5635-49F8-B706-D643A2AF02FD}.Release|Any CPU.ActiveCfg = Debug|Any CPU
		{E5BA9E7C-5635-49F8-B706-D643A2AF02FD}.Release|Any CPU.Build.0 = Debug|Any CPU
		{3F5497E6-249E-4D6C-AC77-83C2BEECA672}.Debug|Any CPU.ActiveCfg = Debug|Any CPU
		{3F5497E6-249E-4D6C-AC77-83C2BEECA672}.Debug|Any CPU.Build.0 = Debug|Any CPU
		{3F5497E6-249E-4D6C-AC77-83C2BEECA672}.Release|Any CPU.ActiveCfg = Release|Any CPU
		{3F5497E6-249E-4D6C-AC77-83C2BEECA672}.Release|Any CPU.Build.0 = Release|Any CPU
		{277D6799-7BB9-46A5-BD05-C4C6942E1909}.Debug|Any CPU.ActiveCfg = Debug|Any CPU
		{277D6799-7BB9-46A5-BD05-C4C6942E1909}.Debug|Any CPU.Build.0 = Debug|Any CPU
		{277D6799-7BB9-46A5-BD05-C4C6942E1909}.Release|Any CPU.ActiveCfg = Release|Any CPU
		{277D6799-7BB9-46A5-BD05-C4C6942E1909}.Release|Any CPU.Build.0 = Release|Any CPU
	EndGlobalSection
	GlobalSection(SolutionProperties) = preSolution
		HideSolutionNode = FALSE
	EndGlobalSection
	GlobalSection(NestedProjects) = preSolution
		{AB55C4C7-D4D1-4073-9FE5-D9FB45FCFA8A} = {4EF53425-C122-4D96-9C2A-B9402A67C651}
		{40AD10FA-69E0-4EC1-81B1-3F0CEC1A6B66} = {79554B53-A3E5-4224-856D-7049E5DCE414}
		{5A93F528-DE6C-4708-87AD-A73B8A3B8066} = {4BF83AB3-543F-4D56-A623-4DA1F9AA6770}
		{6164D79D-6931-42D0-BEA0-A51F1204792D} = {8E862D65-B783-4F39-AF02-A7AF87E3A88A}
		{E5BA9E7C-5635-49F8-B706-D643A2AF02FD} = {4BF83AB3-543F-4D56-A623-4DA1F9AA6770}
		{3F5497E6-249E-4D6C-AC77-83C2BEECA672} = {4EF53425-C122-4D96-9C2A-B9402A67C651}
		{277D6799-7BB9-46A5-BD05-C4C6942E1909} = {4BF83AB3-543F-4D56-A623-4DA1F9AA6770}
	EndGlobalSection
	GlobalSection(ExtensibilityGlobals) = postSolution
		SolutionGuid = {60AC1184-1314-47F6-A4CA-0390809156BF}
	EndGlobalSection
EndGlobal
